// !$*UTF8*$!
{
	archiveVersion = 1;
	classes = {
	};
	objectVersion = 52;
	objects = {

/* Begin PBXBuildFile section */
		6F3DAC6E24BC6A9800BF5B20 /* AppDelegate.swift in Sources */ = {isa = PBXBuildFile; fileRef = 6F3DAC6D24BC6A9800BF5B20 /* AppDelegate.swift */; };
		6F3DAC7024BC6A9800BF5B20 /* SceneDelegate.swift in Sources */ = {isa = PBXBuildFile; fileRef = 6F3DAC6F24BC6A9800BF5B20 /* SceneDelegate.swift */; };
		6F3DAC7224BC6A9800BF5B20 /* HomeView.swift in Sources */ = {isa = PBXBuildFile; fileRef = 6F3DAC7124BC6A9800BF5B20 /* HomeView.swift */; };
		6F3DAC7424BC6A9A00BF5B20 /* Assets.xcassets in Resources */ = {isa = PBXBuildFile; fileRef = 6F3DAC7324BC6A9A00BF5B20 /* Assets.xcassets */; };
		6F3DAC7724BC6A9A00BF5B20 /* Preview Assets.xcassets in Resources */ = {isa = PBXBuildFile; fileRef = 6F3DAC7624BC6A9A00BF5B20 /* Preview Assets.xcassets */; };
		6F3DAC7A24BC6A9A00BF5B20 /* LaunchScreen.storyboard in Resources */ = {isa = PBXBuildFile; fileRef = 6F3DAC7824BC6A9A00BF5B20 /* LaunchScreen.storyboard */; };
		6F3DAC8524BC6A9B00BF5B20 /* PlayLiteTests.swift in Sources */ = {isa = PBXBuildFile; fileRef = 6F3DAC8424BC6A9B00BF5B20 /* PlayLiteTests.swift */; };
		6F3DAC9024BC6A9B00BF5B20 /* PlayLiteUITests.swift in Sources */ = {isa = PBXBuildFile; fileRef = 6F3DAC8F24BC6A9B00BF5B20 /* PlayLiteUITests.swift */; };
		6F3DACB024BC786400BF5B20 /* ComScore.framework in Frameworks */ = {isa = PBXBuildFile; fileRef = 6F3DACA624BC784C00BF5B20 /* ComScore.framework */; };
		6F3DACB124BC786400BF5B20 /* ComScore.framework in Embed Frameworks */ = {isa = PBXBuildFile; fileRef = 6F3DACA624BC784C00BF5B20 /* ComScore.framework */; settings = {ATTRIBUTES = (CodeSignOnCopy, RemoveHeadersOnCopy, ); }; };
		6F3DACB224BC786400BF5B20 /* FXReachability.framework in Frameworks */ = {isa = PBXBuildFile; fileRef = 6F3DACA224BC784C00BF5B20 /* FXReachability.framework */; };
		6F3DACB324BC786400BF5B20 /* FXReachability.framework in Embed Frameworks */ = {isa = PBXBuildFile; fileRef = 6F3DACA224BC784C00BF5B20 /* FXReachability.framework */; settings = {ATTRIBUTES = (CodeSignOnCopy, RemoveHeadersOnCopy, ); }; };
		6F3DACB424BC786400BF5B20 /* libextobjc.framework in Frameworks */ = {isa = PBXBuildFile; fileRef = 6F3DACA924BC784C00BF5B20 /* libextobjc.framework */; };
		6F3DACB524BC786400BF5B20 /* libextobjc.framework in Embed Frameworks */ = {isa = PBXBuildFile; fileRef = 6F3DACA924BC784C00BF5B20 /* libextobjc.framework */; settings = {ATTRIBUTES = (CodeSignOnCopy, RemoveHeadersOnCopy, ); }; };
		6F3DACB624BC786400BF5B20 /* MAKVONotificationCenter.framework in Frameworks */ = {isa = PBXBuildFile; fileRef = 6F3DACAB24BC784C00BF5B20 /* MAKVONotificationCenter.framework */; };
		6F3DACB724BC786400BF5B20 /* MAKVONotificationCenter.framework in Embed Frameworks */ = {isa = PBXBuildFile; fileRef = 6F3DACAB24BC784C00BF5B20 /* MAKVONotificationCenter.framework */; settings = {ATTRIBUTES = (CodeSignOnCopy, RemoveHeadersOnCopy, ); }; };
		6F3DACB824BC786400BF5B20 /* Mantle.framework in Frameworks */ = {isa = PBXBuildFile; fileRef = 6F3DACA524BC784C00BF5B20 /* Mantle.framework */; };
		6F3DACB924BC786400BF5B20 /* Mantle.framework in Embed Frameworks */ = {isa = PBXBuildFile; fileRef = 6F3DACA524BC784C00BF5B20 /* Mantle.framework */; settings = {ATTRIBUTES = (CodeSignOnCopy, RemoveHeadersOnCopy, ); }; };
		6F3DACBB24BC787F00BF5B20 /* SRGAnalytics_DataProvider.framework in Frameworks */ = {isa = PBXBuildFile; fileRef = 6F3DACA424BC784C00BF5B20 /* SRGAnalytics_DataProvider.framework */; };
		6F3DACBC24BC787F00BF5B20 /* SRGAnalytics_DataProvider.framework in Embed Frameworks */ = {isa = PBXBuildFile; fileRef = 6F3DACA424BC784C00BF5B20 /* SRGAnalytics_DataProvider.framework */; settings = {ATTRIBUTES = (CodeSignOnCopy, RemoveHeadersOnCopy, ); }; };
		6F3DACBD24BC787F00BF5B20 /* SRGAnalytics_MediaPlayer.framework in Frameworks */ = {isa = PBXBuildFile; fileRef = 6F3DACAC24BC784C00BF5B20 /* SRGAnalytics_MediaPlayer.framework */; };
		6F3DACBE24BC787F00BF5B20 /* SRGAnalytics_MediaPlayer.framework in Embed Frameworks */ = {isa = PBXBuildFile; fileRef = 6F3DACAC24BC784C00BF5B20 /* SRGAnalytics_MediaPlayer.framework */; settings = {ATTRIBUTES = (CodeSignOnCopy, RemoveHeadersOnCopy, ); }; };
		6F3DACBF24BC787F00BF5B20 /* SRGAnalytics.framework in Frameworks */ = {isa = PBXBuildFile; fileRef = 6F3DACA124BC784C00BF5B20 /* SRGAnalytics.framework */; };
		6F3DACC024BC787F00BF5B20 /* SRGAnalytics.framework in Embed Frameworks */ = {isa = PBXBuildFile; fileRef = 6F3DACA124BC784C00BF5B20 /* SRGAnalytics.framework */; settings = {ATTRIBUTES = (CodeSignOnCopy, RemoveHeadersOnCopy, ); }; };
		6F3DACC124BC787F00BF5B20 /* SRGAppearance.framework in Frameworks */ = {isa = PBXBuildFile; fileRef = 6F3DACAE24BC784C00BF5B20 /* SRGAppearance.framework */; };
		6F3DACC224BC787F00BF5B20 /* SRGAppearance.framework in Embed Frameworks */ = {isa = PBXBuildFile; fileRef = 6F3DACAE24BC784C00BF5B20 /* SRGAppearance.framework */; settings = {ATTRIBUTES = (CodeSignOnCopy, RemoveHeadersOnCopy, ); }; };
		6F3DACC324BC788000BF5B20 /* SRGContentProtection.framework in Frameworks */ = {isa = PBXBuildFile; fileRef = 6F3DACA724BC784C00BF5B20 /* SRGContentProtection.framework */; };
		6F3DACC424BC788000BF5B20 /* SRGContentProtection.framework in Embed Frameworks */ = {isa = PBXBuildFile; fileRef = 6F3DACA724BC784C00BF5B20 /* SRGContentProtection.framework */; settings = {ATTRIBUTES = (CodeSignOnCopy, RemoveHeadersOnCopy, ); }; };
		6F3DACC524BC788000BF5B20 /* SRGDataProvider.framework in Frameworks */ = {isa = PBXBuildFile; fileRef = 6F3DAC9F24BC784C00BF5B20 /* SRGDataProvider.framework */; };
		6F3DACC624BC788000BF5B20 /* SRGDataProvider.framework in Embed Frameworks */ = {isa = PBXBuildFile; fileRef = 6F3DAC9F24BC784C00BF5B20 /* SRGDataProvider.framework */; settings = {ATTRIBUTES = (CodeSignOnCopy, RemoveHeadersOnCopy, ); }; };
		6F3DACC724BC788000BF5B20 /* SRGDiagnostics.framework in Frameworks */ = {isa = PBXBuildFile; fileRef = 6F3DACAD24BC784C00BF5B20 /* SRGDiagnostics.framework */; };
		6F3DACC824BC788000BF5B20 /* SRGDiagnostics.framework in Embed Frameworks */ = {isa = PBXBuildFile; fileRef = 6F3DACAD24BC784C00BF5B20 /* SRGDiagnostics.framework */; settings = {ATTRIBUTES = (CodeSignOnCopy, RemoveHeadersOnCopy, ); }; };
		6F3DACC924BC788000BF5B20 /* SRGLetterbox.framework in Frameworks */ = {isa = PBXBuildFile; fileRef = 6F3DACAF24BC784C00BF5B20 /* SRGLetterbox.framework */; };
		6F3DACCA24BC788000BF5B20 /* SRGLetterbox.framework in Embed Frameworks */ = {isa = PBXBuildFile; fileRef = 6F3DACAF24BC784C00BF5B20 /* SRGLetterbox.framework */; settings = {ATTRIBUTES = (CodeSignOnCopy, RemoveHeadersOnCopy, ); }; };
		6F3DACCB24BC788000BF5B20 /* SRGLogger.framework in Frameworks */ = {isa = PBXBuildFile; fileRef = 6F3DACA824BC784C00BF5B20 /* SRGLogger.framework */; };
		6F3DACCC24BC788000BF5B20 /* SRGLogger.framework in Embed Frameworks */ = {isa = PBXBuildFile; fileRef = 6F3DACA824BC784C00BF5B20 /* SRGLogger.framework */; settings = {ATTRIBUTES = (CodeSignOnCopy, RemoveHeadersOnCopy, ); }; };
		6F3DACCD24BC788000BF5B20 /* SRGMediaPlayer.framework in Frameworks */ = {isa = PBXBuildFile; fileRef = 6F3DAC9E24BC784B00BF5B20 /* SRGMediaPlayer.framework */; };
		6F3DACCE24BC788000BF5B20 /* SRGMediaPlayer.framework in Embed Frameworks */ = {isa = PBXBuildFile; fileRef = 6F3DAC9E24BC784B00BF5B20 /* SRGMediaPlayer.framework */; settings = {ATTRIBUTES = (CodeSignOnCopy, RemoveHeadersOnCopy, ); }; };
		6F3DACCF24BC788000BF5B20 /* TCCore.framework in Frameworks */ = {isa = PBXBuildFile; fileRef = 6F3DACA324BC784C00BF5B20 /* TCCore.framework */; };
		6F3DACD024BC788000BF5B20 /* TCCore.framework in Embed Frameworks */ = {isa = PBXBuildFile; fileRef = 6F3DACA324BC784C00BF5B20 /* TCCore.framework */; settings = {ATTRIBUTES = (CodeSignOnCopy, RemoveHeadersOnCopy, ); }; };
		6F3DACD124BC788000BF5B20 /* TCSDK.framework in Frameworks */ = {isa = PBXBuildFile; fileRef = 6F3DACA024BC784C00BF5B20 /* TCSDK.framework */; };
		6F3DACD224BC788000BF5B20 /* TCSDK.framework in Embed Frameworks */ = {isa = PBXBuildFile; fileRef = 6F3DACA024BC784C00BF5B20 /* TCSDK.framework */; settings = {ATTRIBUTES = (CodeSignOnCopy, RemoveHeadersOnCopy, ); }; };
		6F3DACD524BC788000BF5B20 /* SRGNetwork.framework in Frameworks */ = {isa = PBXBuildFile; fileRef = 6F3DACD324BC788000BF5B20 /* SRGNetwork.framework */; };
		6F3DACD624BC788100BF5B20 /* SRGNetwork.framework in Embed Frameworks */ = {isa = PBXBuildFile; fileRef = 6F3DACD324BC788000BF5B20 /* SRGNetwork.framework */; settings = {ATTRIBUTES = (CodeSignOnCopy, RemoveHeadersOnCopy, ); }; };
		6F3DACD724BC788100BF5B20 /* YYWebImage.framework in Frameworks */ = {isa = PBXBuildFile; fileRef = 6F3DACD424BC788000BF5B20 /* YYWebImage.framework */; };
		6F3DACD824BC788100BF5B20 /* YYWebImage.framework in Embed Frameworks */ = {isa = PBXBuildFile; fileRef = 6F3DACD424BC788000BF5B20 /* YYWebImage.framework */; settings = {ATTRIBUTES = (CodeSignOnCopy, RemoveHeadersOnCopy, ); }; };
		6F3DACDC24BC87C700BF5B20 /* MediaCell.swift in Sources */ = {isa = PBXBuildFile; fileRef = 6F3DACDB24BC87C700BF5B20 /* MediaCell.swift */; };
		6F3DAD1924BDBEFB00BF5B20 /* FetchImage in Frameworks */ = {isa = PBXBuildFile; productRef = 6F3DAD1824BDBEFB00BF5B20 /* FetchImage */; };
		6F3DAD1C24BDBF0800BF5B20 /* Nuke in Frameworks */ = {isa = PBXBuildFile; productRef = 6F3DAD1B24BDBF0800BF5B20 /* Nuke */; };
		6F50E7C524C0593F00344B84 /* PlayerViewController.swift in Sources */ = {isa = PBXBuildFile; fileRef = 6F50E7C424C0593F00344B84 /* PlayerViewController.swift */; };
		6F50E7C724C05D8400344B84 /* PlayerView.swift in Sources */ = {isa = PBXBuildFile; fileRef = 6F50E7C624C05D8400344B84 /* PlayerView.swift */; };
		6F50E7C924C0781A00344B84 /* PlayerInfoView.swift in Sources */ = {isa = PBXBuildFile; fileRef = 6F50E7C824C0781A00344B84 /* PlayerInfoView.swift */; };
		6FE7F53F24BEE6A5006A5244 /* ImageView.swift in Sources */ = {isa = PBXBuildFile; fileRef = 6FE7F53E24BEE6A5006A5244 /* ImageView.swift */; };
/* End PBXBuildFile section */

/* Begin PBXContainerItemProxy section */
		6F3DAC8124BC6A9B00BF5B20 /* PBXContainerItemProxy */ = {
			isa = PBXContainerItemProxy;
			containerPortal = 6F3DAC6224BC6A9800BF5B20 /* Project object */;
			proxyType = 1;
			remoteGlobalIDString = 6F3DAC6924BC6A9800BF5B20;
			remoteInfo = PlayLite;
		};
		6F3DAC8C24BC6A9B00BF5B20 /* PBXContainerItemProxy */ = {
			isa = PBXContainerItemProxy;
			containerPortal = 6F3DAC6224BC6A9800BF5B20 /* Project object */;
			proxyType = 1;
			remoteGlobalIDString = 6F3DAC6924BC6A9800BF5B20;
			remoteInfo = PlayLite;
		};
/* End PBXContainerItemProxy section */

/* Begin PBXCopyFilesBuildPhase section */
		6F3DACBA24BC786400BF5B20 /* Embed Frameworks */ = {
			isa = PBXCopyFilesBuildPhase;
			buildActionMask = 2147483647;
			dstPath = "";
			dstSubfolderSpec = 10;
			files = (
				6F3DACCE24BC788000BF5B20 /* SRGMediaPlayer.framework in Embed Frameworks */,
				6F3DACBE24BC787F00BF5B20 /* SRGAnalytics_MediaPlayer.framework in Embed Frameworks */,
				6F3DACD824BC788100BF5B20 /* YYWebImage.framework in Embed Frameworks */,
				6F3DACB124BC786400BF5B20 /* ComScore.framework in Embed Frameworks */,
				6F3DACC624BC788000BF5B20 /* SRGDataProvider.framework in Embed Frameworks */,
				6F3DACD624BC788100BF5B20 /* SRGNetwork.framework in Embed Frameworks */,
				6F3DACC224BC787F00BF5B20 /* SRGAppearance.framework in Embed Frameworks */,
				6F3DACC824BC788000BF5B20 /* SRGDiagnostics.framework in Embed Frameworks */,
				6F3DACBC24BC787F00BF5B20 /* SRGAnalytics_DataProvider.framework in Embed Frameworks */,
				6F3DACB924BC786400BF5B20 /* Mantle.framework in Embed Frameworks */,
				6F3DACB724BC786400BF5B20 /* MAKVONotificationCenter.framework in Embed Frameworks */,
				6F3DACD224BC788000BF5B20 /* TCSDK.framework in Embed Frameworks */,
				6F3DACB524BC786400BF5B20 /* libextobjc.framework in Embed Frameworks */,
				6F3DACCA24BC788000BF5B20 /* SRGLetterbox.framework in Embed Frameworks */,
				6F3DACC024BC787F00BF5B20 /* SRGAnalytics.framework in Embed Frameworks */,
				6F3DACD024BC788000BF5B20 /* TCCore.framework in Embed Frameworks */,
				6F3DACC424BC788000BF5B20 /* SRGContentProtection.framework in Embed Frameworks */,
				6F3DACB324BC786400BF5B20 /* FXReachability.framework in Embed Frameworks */,
				6F3DACCC24BC788000BF5B20 /* SRGLogger.framework in Embed Frameworks */,
			);
			name = "Embed Frameworks";
			runOnlyForDeploymentPostprocessing = 0;
		};
/* End PBXCopyFilesBuildPhase section */

/* Begin PBXFileReference section */
		6F3DAC6A24BC6A9800BF5B20 /* PlayLite.app */ = {isa = PBXFileReference; explicitFileType = wrapper.application; includeInIndex = 0; path = PlayLite.app; sourceTree = BUILT_PRODUCTS_DIR; };
		6F3DAC6D24BC6A9800BF5B20 /* AppDelegate.swift */ = {isa = PBXFileReference; lastKnownFileType = sourcecode.swift; path = AppDelegate.swift; sourceTree = "<group>"; };
		6F3DAC6F24BC6A9800BF5B20 /* SceneDelegate.swift */ = {isa = PBXFileReference; lastKnownFileType = sourcecode.swift; path = SceneDelegate.swift; sourceTree = "<group>"; };
		6F3DAC7124BC6A9800BF5B20 /* HomeView.swift */ = {isa = PBXFileReference; lastKnownFileType = sourcecode.swift; path = HomeView.swift; sourceTree = "<group>"; };
		6F3DAC7324BC6A9A00BF5B20 /* Assets.xcassets */ = {isa = PBXFileReference; lastKnownFileType = folder.assetcatalog; path = Assets.xcassets; sourceTree = "<group>"; };
		6F3DAC7624BC6A9A00BF5B20 /* Preview Assets.xcassets */ = {isa = PBXFileReference; lastKnownFileType = folder.assetcatalog; path = "Preview Assets.xcassets"; sourceTree = "<group>"; };
		6F3DAC7924BC6A9A00BF5B20 /* Base */ = {isa = PBXFileReference; lastKnownFileType = file.storyboard; name = Base; path = Base.lproj/LaunchScreen.storyboard; sourceTree = "<group>"; };
		6F3DAC7B24BC6A9A00BF5B20 /* Info.plist */ = {isa = PBXFileReference; lastKnownFileType = text.plist.xml; path = Info.plist; sourceTree = "<group>"; };
		6F3DAC8024BC6A9B00BF5B20 /* PlayLiteTests.xctest */ = {isa = PBXFileReference; explicitFileType = wrapper.cfbundle; includeInIndex = 0; path = PlayLiteTests.xctest; sourceTree = BUILT_PRODUCTS_DIR; };
		6F3DAC8424BC6A9B00BF5B20 /* PlayLiteTests.swift */ = {isa = PBXFileReference; lastKnownFileType = sourcecode.swift; path = PlayLiteTests.swift; sourceTree = "<group>"; };
		6F3DAC8624BC6A9B00BF5B20 /* Info.plist */ = {isa = PBXFileReference; lastKnownFileType = text.plist.xml; path = Info.plist; sourceTree = "<group>"; };
		6F3DAC8B24BC6A9B00BF5B20 /* PlayLiteUITests.xctest */ = {isa = PBXFileReference; explicitFileType = wrapper.cfbundle; includeInIndex = 0; path = PlayLiteUITests.xctest; sourceTree = BUILT_PRODUCTS_DIR; };
		6F3DAC8F24BC6A9B00BF5B20 /* PlayLiteUITests.swift */ = {isa = PBXFileReference; lastKnownFileType = sourcecode.swift; path = PlayLiteUITests.swift; sourceTree = "<group>"; };
		6F3DAC9124BC6A9B00BF5B20 /* Info.plist */ = {isa = PBXFileReference; lastKnownFileType = text.plist.xml; path = Info.plist; sourceTree = "<group>"; };
		6F3DAC9E24BC784B00BF5B20 /* SRGMediaPlayer.framework */ = {isa = PBXFileReference; lastKnownFileType = wrapper.framework; name = SRGMediaPlayer.framework; path = Carthage/Build/iOS/SRGMediaPlayer.framework; sourceTree = "<group>"; };
		6F3DAC9F24BC784C00BF5B20 /* SRGDataProvider.framework */ = {isa = PBXFileReference; lastKnownFileType = wrapper.framework; name = SRGDataProvider.framework; path = Carthage/Build/iOS/SRGDataProvider.framework; sourceTree = "<group>"; };
		6F3DACA024BC784C00BF5B20 /* TCSDK.framework */ = {isa = PBXFileReference; lastKnownFileType = wrapper.framework; name = TCSDK.framework; path = Carthage/Build/iOS/TCSDK.framework; sourceTree = "<group>"; };
		6F3DACA124BC784C00BF5B20 /* SRGAnalytics.framework */ = {isa = PBXFileReference; lastKnownFileType = wrapper.framework; name = SRGAnalytics.framework; path = Carthage/Build/iOS/SRGAnalytics.framework; sourceTree = "<group>"; };
		6F3DACA224BC784C00BF5B20 /* FXReachability.framework */ = {isa = PBXFileReference; lastKnownFileType = wrapper.framework; name = FXReachability.framework; path = Carthage/Build/iOS/FXReachability.framework; sourceTree = "<group>"; };
		6F3DACA324BC784C00BF5B20 /* TCCore.framework */ = {isa = PBXFileReference; lastKnownFileType = wrapper.framework; name = TCCore.framework; path = Carthage/Build/iOS/TCCore.framework; sourceTree = "<group>"; };
		6F3DACA424BC784C00BF5B20 /* SRGAnalytics_DataProvider.framework */ = {isa = PBXFileReference; lastKnownFileType = wrapper.framework; name = SRGAnalytics_DataProvider.framework; path = Carthage/Build/iOS/SRGAnalytics_DataProvider.framework; sourceTree = "<group>"; };
		6F3DACA524BC784C00BF5B20 /* Mantle.framework */ = {isa = PBXFileReference; lastKnownFileType = wrapper.framework; name = Mantle.framework; path = Carthage/Build/iOS/Mantle.framework; sourceTree = "<group>"; };
		6F3DACA624BC784C00BF5B20 /* ComScore.framework */ = {isa = PBXFileReference; lastKnownFileType = wrapper.framework; name = ComScore.framework; path = Carthage/Build/iOS/ComScore.framework; sourceTree = "<group>"; };
		6F3DACA724BC784C00BF5B20 /* SRGContentProtection.framework */ = {isa = PBXFileReference; lastKnownFileType = wrapper.framework; name = SRGContentProtection.framework; path = Carthage/Build/iOS/SRGContentProtection.framework; sourceTree = "<group>"; };
		6F3DACA824BC784C00BF5B20 /* SRGLogger.framework */ = {isa = PBXFileReference; lastKnownFileType = wrapper.framework; name = SRGLogger.framework; path = Carthage/Build/iOS/SRGLogger.framework; sourceTree = "<group>"; };
		6F3DACA924BC784C00BF5B20 /* libextobjc.framework */ = {isa = PBXFileReference; lastKnownFileType = wrapper.framework; name = libextobjc.framework; path = Carthage/Build/iOS/libextobjc.framework; sourceTree = "<group>"; };
		6F3DACAA24BC784C00BF5B20 /* SRGNetwork.framework.dSYM */ = {isa = PBXFileReference; lastKnownFileType = wrapper.dsym; name = SRGNetwork.framework.dSYM; path = Carthage/Build/iOS/SRGNetwork.framework.dSYM; sourceTree = "<group>"; };
		6F3DACAB24BC784C00BF5B20 /* MAKVONotificationCenter.framework */ = {isa = PBXFileReference; lastKnownFileType = wrapper.framework; name = MAKVONotificationCenter.framework; path = Carthage/Build/iOS/MAKVONotificationCenter.framework; sourceTree = "<group>"; };
		6F3DACAC24BC784C00BF5B20 /* SRGAnalytics_MediaPlayer.framework */ = {isa = PBXFileReference; lastKnownFileType = wrapper.framework; name = SRGAnalytics_MediaPlayer.framework; path = Carthage/Build/iOS/SRGAnalytics_MediaPlayer.framework; sourceTree = "<group>"; };
		6F3DACAD24BC784C00BF5B20 /* SRGDiagnostics.framework */ = {isa = PBXFileReference; lastKnownFileType = wrapper.framework; name = SRGDiagnostics.framework; path = Carthage/Build/iOS/SRGDiagnostics.framework; sourceTree = "<group>"; };
		6F3DACAE24BC784C00BF5B20 /* SRGAppearance.framework */ = {isa = PBXFileReference; lastKnownFileType = wrapper.framework; name = SRGAppearance.framework; path = Carthage/Build/iOS/SRGAppearance.framework; sourceTree = "<group>"; };
		6F3DACAF24BC784C00BF5B20 /* SRGLetterbox.framework */ = {isa = PBXFileReference; lastKnownFileType = wrapper.framework; name = SRGLetterbox.framework; path = Carthage/Build/iOS/SRGLetterbox.framework; sourceTree = "<group>"; };
		6F3DACD324BC788000BF5B20 /* SRGNetwork.framework */ = {isa = PBXFileReference; lastKnownFileType = wrapper.framework; name = SRGNetwork.framework; path = Carthage/Build/iOS/SRGNetwork.framework; sourceTree = "<group>"; };
		6F3DACD424BC788000BF5B20 /* YYWebImage.framework */ = {isa = PBXFileReference; lastKnownFileType = wrapper.framework; name = YYWebImage.framework; path = Carthage/Build/iOS/YYWebImage.framework; sourceTree = "<group>"; };
		6F3DACDB24BC87C700BF5B20 /* MediaCell.swift */ = {isa = PBXFileReference; lastKnownFileType = sourcecode.swift; path = MediaCell.swift; sourceTree = "<group>"; };
		6F50E7C424C0593F00344B84 /* PlayerViewController.swift */ = {isa = PBXFileReference; lastKnownFileType = sourcecode.swift; path = PlayerViewController.swift; sourceTree = "<group>"; };
		6F50E7C624C05D8400344B84 /* PlayerView.swift */ = {isa = PBXFileReference; lastKnownFileType = sourcecode.swift; path = PlayerView.swift; sourceTree = "<group>"; };
		6F50E7C824C0781A00344B84 /* PlayerInfoView.swift */ = {isa = PBXFileReference; lastKnownFileType = sourcecode.swift; path = PlayerInfoView.swift; sourceTree = "<group>"; };
		6FE7F53E24BEE6A5006A5244 /* ImageView.swift */ = {isa = PBXFileReference; lastKnownFileType = sourcecode.swift; path = ImageView.swift; sourceTree = "<group>"; };
/* End PBXFileReference section */

/* Begin PBXFrameworksBuildPhase section */
		6F3DAC6724BC6A9800BF5B20 /* Frameworks */ = {
			isa = PBXFrameworksBuildPhase;
			buildActionMask = 2147483647;
			files = (
				6F3DACCD24BC788000BF5B20 /* SRGMediaPlayer.framework in Frameworks */,
				6F3DACBD24BC787F00BF5B20 /* SRGAnalytics_MediaPlayer.framework in Frameworks */,
				6F3DACD724BC788100BF5B20 /* YYWebImage.framework in Frameworks */,
				6F3DACB024BC786400BF5B20 /* ComScore.framework in Frameworks */,
				6F3DACC524BC788000BF5B20 /* SRGDataProvider.framework in Frameworks */,
				6F3DACD524BC788000BF5B20 /* SRGNetwork.framework in Frameworks */,
				6F3DACC124BC787F00BF5B20 /* SRGAppearance.framework in Frameworks */,
				6F3DACC724BC788000BF5B20 /* SRGDiagnostics.framework in Frameworks */,
				6F3DACBB24BC787F00BF5B20 /* SRGAnalytics_DataProvider.framework in Frameworks */,
				6F3DAD1C24BDBF0800BF5B20 /* Nuke in Frameworks */,
				6F3DACB824BC786400BF5B20 /* Mantle.framework in Frameworks */,
				6F3DACB624BC786400BF5B20 /* MAKVONotificationCenter.framework in Frameworks */,
				6F3DACD124BC788000BF5B20 /* TCSDK.framework in Frameworks */,
				6F3DACB424BC786400BF5B20 /* libextobjc.framework in Frameworks */,
				6F3DACC924BC788000BF5B20 /* SRGLetterbox.framework in Frameworks */,
				6F3DACBF24BC787F00BF5B20 /* SRGAnalytics.framework in Frameworks */,
				6F3DAD1924BDBEFB00BF5B20 /* FetchImage in Frameworks */,
				6F3DACCF24BC788000BF5B20 /* TCCore.framework in Frameworks */,
				6F3DACC324BC788000BF5B20 /* SRGContentProtection.framework in Frameworks */,
				6F3DACB224BC786400BF5B20 /* FXReachability.framework in Frameworks */,
				6F3DACCB24BC788000BF5B20 /* SRGLogger.framework in Frameworks */,
			);
			runOnlyForDeploymentPostprocessing = 0;
		};
		6F3DAC7D24BC6A9B00BF5B20 /* Frameworks */ = {
			isa = PBXFrameworksBuildPhase;
			buildActionMask = 2147483647;
			files = (
			);
			runOnlyForDeploymentPostprocessing = 0;
		};
		6F3DAC8824BC6A9B00BF5B20 /* Frameworks */ = {
			isa = PBXFrameworksBuildPhase;
			buildActionMask = 2147483647;
			files = (
			);
			runOnlyForDeploymentPostprocessing = 0;
		};
/* End PBXFrameworksBuildPhase section */

/* Begin PBXGroup section */
		6F3DAC6124BC6A9800BF5B20 = {
			isa = PBXGroup;
			children = (
				6F3DAC6C24BC6A9800BF5B20 /* PlayLite */,
				6F3DAC8324BC6A9B00BF5B20 /* PlayLiteTests */,
				6F3DAC8E24BC6A9B00BF5B20 /* PlayLiteUITests */,
				6F3DAC6B24BC6A9800BF5B20 /* Products */,
				6F3DAC9D24BC784B00BF5B20 /* Frameworks */,
			);
			sourceTree = "<group>";
		};
		6F3DAC6B24BC6A9800BF5B20 /* Products */ = {
			isa = PBXGroup;
			children = (
				6F3DAC6A24BC6A9800BF5B20 /* PlayLite.app */,
				6F3DAC8024BC6A9B00BF5B20 /* PlayLiteTests.xctest */,
				6F3DAC8B24BC6A9B00BF5B20 /* PlayLiteUITests.xctest */,
			);
			name = Products;
			sourceTree = "<group>";
		};
		6F3DAC6C24BC6A9800BF5B20 /* PlayLite */ = {
			isa = PBXGroup;
			children = (
				6FE7F53B24BEE5E5006A5244 /* Application */,
				6FE7F53C24BEE600006A5244 /* Home */,
				6F7412B924BF35E90040C853 /* Player */,
				6F3DAC7524BC6A9A00BF5B20 /* Preview Content */,
				6FE7F53D24BEE61F006A5244 /* Views */,
				6F3DAC7324BC6A9A00BF5B20 /* Assets.xcassets */,
				6F3DAC7B24BC6A9A00BF5B20 /* Info.plist */,
				6F3DAC7824BC6A9A00BF5B20 /* LaunchScreen.storyboard */,
			);
			path = PlayLite;
			sourceTree = "<group>";
		};
		6F3DAC7524BC6A9A00BF5B20 /* Preview Content */ = {
			isa = PBXGroup;
			children = (
				6F3DAC7624BC6A9A00BF5B20 /* Preview Assets.xcassets */,
			);
			path = "Preview Content";
			sourceTree = "<group>";
		};
		6F3DAC8324BC6A9B00BF5B20 /* PlayLiteTests */ = {
			isa = PBXGroup;
			children = (
				6F3DAC8424BC6A9B00BF5B20 /* PlayLiteTests.swift */,
				6F3DAC8624BC6A9B00BF5B20 /* Info.plist */,
			);
			path = PlayLiteTests;
			sourceTree = "<group>";
		};
		6F3DAC8E24BC6A9B00BF5B20 /* PlayLiteUITests */ = {
			isa = PBXGroup;
			children = (
				6F3DAC8F24BC6A9B00BF5B20 /* PlayLiteUITests.swift */,
				6F3DAC9124BC6A9B00BF5B20 /* Info.plist */,
			);
			path = PlayLiteUITests;
			sourceTree = "<group>";
		};
		6F3DAC9D24BC784B00BF5B20 /* Frameworks */ = {
			isa = PBXGroup;
			children = (
				6F3DACD324BC788000BF5B20 /* SRGNetwork.framework */,
				6F3DACD424BC788000BF5B20 /* YYWebImage.framework */,
				6F3DACA624BC784C00BF5B20 /* ComScore.framework */,
				6F3DACA224BC784C00BF5B20 /* FXReachability.framework */,
				6F3DACA924BC784C00BF5B20 /* libextobjc.framework */,
				6F3DACAB24BC784C00BF5B20 /* MAKVONotificationCenter.framework */,
				6F3DACA524BC784C00BF5B20 /* Mantle.framework */,
				6F3DACA424BC784C00BF5B20 /* SRGAnalytics_DataProvider.framework */,
				6F3DACAC24BC784C00BF5B20 /* SRGAnalytics_MediaPlayer.framework */,
				6F3DACA124BC784C00BF5B20 /* SRGAnalytics.framework */,
				6F3DACAE24BC784C00BF5B20 /* SRGAppearance.framework */,
				6F3DACA724BC784C00BF5B20 /* SRGContentProtection.framework */,
				6F3DAC9F24BC784C00BF5B20 /* SRGDataProvider.framework */,
				6F3DACAD24BC784C00BF5B20 /* SRGDiagnostics.framework */,
				6F3DACAF24BC784C00BF5B20 /* SRGLetterbox.framework */,
				6F3DACA824BC784C00BF5B20 /* SRGLogger.framework */,
				6F3DAC9E24BC784B00BF5B20 /* SRGMediaPlayer.framework */,
				6F3DACAA24BC784C00BF5B20 /* SRGNetwork.framework.dSYM */,
				6F3DACA324BC784C00BF5B20 /* TCCore.framework */,
				6F3DACA024BC784C00BF5B20 /* TCSDK.framework */,
			);
			name = Frameworks;
			sourceTree = "<group>";
		};
		6F7412B924BF35E90040C853 /* Player */ = {
			isa = PBXGroup;
			children = (
				6F50E7C624C05D8400344B84 /* PlayerView.swift */,
				6F50E7C424C0593F00344B84 /* PlayerViewController.swift */,
				6F50E7C824C0781A00344B84 /* PlayerInfoView.swift */,
			);
			path = Player;
			sourceTree = "<group>";
		};
		6FE7F53B24BEE5E5006A5244 /* Application */ = {
			isa = PBXGroup;
			children = (
				6F3DAC6F24BC6A9800BF5B20 /* SceneDelegate.swift */,
				6F3DAC6D24BC6A9800BF5B20 /* AppDelegate.swift */,
			);
			path = Application;
			sourceTree = "<group>";
		};
		6FE7F53C24BEE600006A5244 /* Home */ = {
			isa = PBXGroup;
			children = (
				6F3DAC7124BC6A9800BF5B20 /* HomeView.swift */,
				6F3DACDB24BC87C700BF5B20 /* MediaCell.swift */,
			);
			path = Home;
			sourceTree = "<group>";
		};
		6FE7F53D24BEE61F006A5244 /* Views */ = {
			isa = PBXGroup;
			children = (
				6FE7F53E24BEE6A5006A5244 /* ImageView.swift */,
			);
			path = Views;
			sourceTree = "<group>";
		};
/* End PBXGroup section */

/* Begin PBXNativeTarget section */
		6F3DAC6924BC6A9800BF5B20 /* PlayLite */ = {
			isa = PBXNativeTarget;
			buildConfigurationList = 6F3DAC9424BC6A9B00BF5B20 /* Build configuration list for PBXNativeTarget "PlayLite" */;
			buildPhases = (
				6F3DAC6624BC6A9800BF5B20 /* Sources */,
				6F3DAC6724BC6A9800BF5B20 /* Frameworks */,
				6F3DAC6824BC6A9800BF5B20 /* Resources */,
				6F3DACBA24BC786400BF5B20 /* Embed Frameworks */,
			);
			buildRules = (
			);
			dependencies = (
			);
			name = PlayLite;
			packageProductDependencies = (
				6F3DAD1824BDBEFB00BF5B20 /* FetchImage */,
				6F3DAD1B24BDBF0800BF5B20 /* Nuke */,
			);
			productName = PlayLite;
			productReference = 6F3DAC6A24BC6A9800BF5B20 /* PlayLite.app */;
			productType = "com.apple.product-type.application";
		};
		6F3DAC7F24BC6A9B00BF5B20 /* PlayLiteTests */ = {
			isa = PBXNativeTarget;
			buildConfigurationList = 6F3DAC9724BC6A9B00BF5B20 /* Build configuration list for PBXNativeTarget "PlayLiteTests" */;
			buildPhases = (
				6F3DAC7C24BC6A9B00BF5B20 /* Sources */,
				6F3DAC7D24BC6A9B00BF5B20 /* Frameworks */,
				6F3DAC7E24BC6A9B00BF5B20 /* Resources */,
			);
			buildRules = (
			);
			dependencies = (
				6F3DAC8224BC6A9B00BF5B20 /* PBXTargetDependency */,
			);
			name = PlayLiteTests;
			productName = PlayLiteTests;
			productReference = 6F3DAC8024BC6A9B00BF5B20 /* PlayLiteTests.xctest */;
			productType = "com.apple.product-type.bundle.unit-test";
		};
		6F3DAC8A24BC6A9B00BF5B20 /* PlayLiteUITests */ = {
			isa = PBXNativeTarget;
			buildConfigurationList = 6F3DAC9A24BC6A9B00BF5B20 /* Build configuration list for PBXNativeTarget "PlayLiteUITests" */;
			buildPhases = (
				6F3DAC8724BC6A9B00BF5B20 /* Sources */,
				6F3DAC8824BC6A9B00BF5B20 /* Frameworks */,
				6F3DAC8924BC6A9B00BF5B20 /* Resources */,
			);
			buildRules = (
			);
			dependencies = (
				6F3DAC8D24BC6A9B00BF5B20 /* PBXTargetDependency */,
			);
			name = PlayLiteUITests;
			productName = PlayLiteUITests;
			productReference = 6F3DAC8B24BC6A9B00BF5B20 /* PlayLiteUITests.xctest */;
			productType = "com.apple.product-type.bundle.ui-testing";
		};
/* End PBXNativeTarget section */

/* Begin PBXProject section */
		6F3DAC6224BC6A9800BF5B20 /* Project object */ = {
			isa = PBXProject;
			attributes = {
				LastSwiftUpdateCheck = 1200;
				LastUpgradeCheck = 1200;
				TargetAttributes = {
					6F3DAC6924BC6A9800BF5B20 = {
						CreatedOnToolsVersion = 12.0;
					};
					6F3DAC7F24BC6A9B00BF5B20 = {
						CreatedOnToolsVersion = 12.0;
						TestTargetID = 6F3DAC6924BC6A9800BF5B20;
					};
					6F3DAC8A24BC6A9B00BF5B20 = {
						CreatedOnToolsVersion = 12.0;
						TestTargetID = 6F3DAC6924BC6A9800BF5B20;
					};
				};
			};
			buildConfigurationList = 6F3DAC6524BC6A9800BF5B20 /* Build configuration list for PBXProject "PlayLite" */;
			compatibilityVersion = "Xcode 9.3";
			developmentRegion = en;
			hasScannedForEncodings = 0;
			knownRegions = (
				en,
				Base,
			);
			mainGroup = 6F3DAC6124BC6A9800BF5B20;
			packageReferences = (
				6F3DAD1724BDBEFA00BF5B20 /* XCRemoteSwiftPackageReference "FetchImage" */,
				6F3DAD1A24BDBF0800BF5B20 /* XCRemoteSwiftPackageReference "Nuke" */,
			);
			productRefGroup = 6F3DAC6B24BC6A9800BF5B20 /* Products */;
			projectDirPath = "";
			projectRoot = "";
			targets = (
				6F3DAC6924BC6A9800BF5B20 /* PlayLite */,
				6F3DAC7F24BC6A9B00BF5B20 /* PlayLiteTests */,
				6F3DAC8A24BC6A9B00BF5B20 /* PlayLiteUITests */,
			);
		};
/* End PBXProject section */

/* Begin PBXResourcesBuildPhase section */
		6F3DAC6824BC6A9800BF5B20 /* Resources */ = {
			isa = PBXResourcesBuildPhase;
			buildActionMask = 2147483647;
			files = (
				6F3DAC7A24BC6A9A00BF5B20 /* LaunchScreen.storyboard in Resources */,
				6F3DAC7724BC6A9A00BF5B20 /* Preview Assets.xcassets in Resources */,
				6F3DAC7424BC6A9A00BF5B20 /* Assets.xcassets in Resources */,
			);
			runOnlyForDeploymentPostprocessing = 0;
		};
		6F3DAC7E24BC6A9B00BF5B20 /* Resources */ = {
			isa = PBXResourcesBuildPhase;
			buildActionMask = 2147483647;
			files = (
			);
			runOnlyForDeploymentPostprocessing = 0;
		};
		6F3DAC8924BC6A9B00BF5B20 /* Resources */ = {
			isa = PBXResourcesBuildPhase;
			buildActionMask = 2147483647;
			files = (
			);
			runOnlyForDeploymentPostprocessing = 0;
		};
/* End PBXResourcesBuildPhase section */

/* Begin PBXSourcesBuildPhase section */
		6F3DAC6624BC6A9800BF5B20 /* Sources */ = {
			isa = PBXSourcesBuildPhase;
			buildActionMask = 2147483647;
			files = (
				6FE7F53F24BEE6A5006A5244 /* ImageView.swift in Sources */,
				6F3DAC6E24BC6A9800BF5B20 /* AppDelegate.swift in Sources */,
				6F50E7C724C05D8400344B84 /* PlayerView.swift in Sources */,
				6F50E7C924C0781A00344B84 /* PlayerInfoView.swift in Sources */,
				6F3DAC7024BC6A9800BF5B20 /* SceneDelegate.swift in Sources */,
				6F3DACDC24BC87C700BF5B20 /* MediaCell.swift in Sources */,
				6F3DAC7224BC6A9800BF5B20 /* HomeView.swift in Sources */,
				6F50E7C524C0593F00344B84 /* PlayerViewController.swift in Sources */,
			);
			runOnlyForDeploymentPostprocessing = 0;
		};
		6F3DAC7C24BC6A9B00BF5B20 /* Sources */ = {
			isa = PBXSourcesBuildPhase;
			buildActionMask = 2147483647;
			files = (
				6F3DAC8524BC6A9B00BF5B20 /* PlayLiteTests.swift in Sources */,
			);
			runOnlyForDeploymentPostprocessing = 0;
		};
		6F3DAC8724BC6A9B00BF5B20 /* Sources */ = {
			isa = PBXSourcesBuildPhase;
			buildActionMask = 2147483647;
			files = (
				6F3DAC9024BC6A9B00BF5B20 /* PlayLiteUITests.swift in Sources */,
			);
			runOnlyForDeploymentPostprocessing = 0;
		};
/* End PBXSourcesBuildPhase section */

/* Begin PBXTargetDependency section */
		6F3DAC8224BC6A9B00BF5B20 /* PBXTargetDependency */ = {
			isa = PBXTargetDependency;
			target = 6F3DAC6924BC6A9800BF5B20 /* PlayLite */;
			targetProxy = 6F3DAC8124BC6A9B00BF5B20 /* PBXContainerItemProxy */;
		};
		6F3DAC8D24BC6A9B00BF5B20 /* PBXTargetDependency */ = {
			isa = PBXTargetDependency;
			target = 6F3DAC6924BC6A9800BF5B20 /* PlayLite */;
			targetProxy = 6F3DAC8C24BC6A9B00BF5B20 /* PBXContainerItemProxy */;
		};
/* End PBXTargetDependency section */

/* Begin PBXVariantGroup section */
		6F3DAC7824BC6A9A00BF5B20 /* LaunchScreen.storyboard */ = {
			isa = PBXVariantGroup;
			children = (
				6F3DAC7924BC6A9A00BF5B20 /* Base */,
			);
			name = LaunchScreen.storyboard;
			sourceTree = "<group>";
		};
/* End PBXVariantGroup section */

/* Begin XCBuildConfiguration section */
		6F3DAC9224BC6A9B00BF5B20 /* Debug */ = {
			isa = XCBuildConfiguration;
			buildSettings = {
				ALWAYS_SEARCH_USER_PATHS = NO;
				CLANG_ANALYZER_NONNULL = YES;
				CLANG_ANALYZER_NUMBER_OBJECT_CONVERSION = YES_AGGRESSIVE;
				CLANG_CXX_LANGUAGE_STANDARD = "gnu++14";
				CLANG_CXX_LIBRARY = "libc++";
				CLANG_ENABLE_MODULES = YES;
				CLANG_ENABLE_OBJC_ARC = YES;
				CLANG_ENABLE_OBJC_WEAK = YES;
				CLANG_WARN_BLOCK_CAPTURE_AUTORELEASING = YES;
				CLANG_WARN_BOOL_CONVERSION = YES;
				CLANG_WARN_COMMA = YES;
				CLANG_WARN_CONSTANT_CONVERSION = YES;
				CLANG_WARN_DEPRECATED_OBJC_IMPLEMENTATIONS = YES;
				CLANG_WARN_DIRECT_OBJC_ISA_USAGE = YES_ERROR;
				CLANG_WARN_DOCUMENTATION_COMMENTS = YES;
				CLANG_WARN_EMPTY_BODY = YES;
				CLANG_WARN_ENUM_CONVERSION = YES;
				CLANG_WARN_INFINITE_RECURSION = YES;
				CLANG_WARN_INT_CONVERSION = YES;
				CLANG_WARN_NON_LITERAL_NULL_CONVERSION = YES;
				CLANG_WARN_OBJC_IMPLICIT_RETAIN_SELF = YES;
				CLANG_WARN_OBJC_LITERAL_CONVERSION = YES;
				CLANG_WARN_OBJC_ROOT_CLASS = YES_ERROR;
				CLANG_WARN_QUOTED_INCLUDE_IN_FRAMEWORK_HEADER = YES;
				CLANG_WARN_RANGE_LOOP_ANALYSIS = YES;
				CLANG_WARN_STRICT_PROTOTYPES = YES;
				CLANG_WARN_SUSPICIOUS_MOVE = YES;
				CLANG_WARN_UNGUARDED_AVAILABILITY = YES_AGGRESSIVE;
				CLANG_WARN_UNREACHABLE_CODE = YES;
				CLANG_WARN__DUPLICATE_METHOD_MATCH = YES;
				COPY_PHASE_STRIP = NO;
				DEBUG_INFORMATION_FORMAT = dwarf;
				ENABLE_STRICT_OBJC_MSGSEND = YES;
				ENABLE_TESTABILITY = YES;
				GCC_C_LANGUAGE_STANDARD = gnu11;
				GCC_DYNAMIC_NO_PIC = NO;
				GCC_NO_COMMON_BLOCKS = YES;
				GCC_OPTIMIZATION_LEVEL = 0;
				GCC_PREPROCESSOR_DEFINITIONS = (
					"DEBUG=1",
					"$(inherited)",
				);
				GCC_WARN_64_TO_32_BIT_CONVERSION = YES;
				GCC_WARN_ABOUT_RETURN_TYPE = YES_ERROR;
				GCC_WARN_UNDECLARED_SELECTOR = YES;
				GCC_WARN_UNINITIALIZED_AUTOS = YES_AGGRESSIVE;
				GCC_WARN_UNUSED_FUNCTION = YES;
				GCC_WARN_UNUSED_VARIABLE = YES;
				IPHONEOS_DEPLOYMENT_TARGET = 14.0;
				MTL_ENABLE_DEBUG_INFO = INCLUDE_SOURCE;
				MTL_FAST_MATH = YES;
				ONLY_ACTIVE_ARCH = YES;
				SDKROOT = iphoneos;
				SWIFT_ACTIVE_COMPILATION_CONDITIONS = DEBUG;
				SWIFT_OPTIMIZATION_LEVEL = "-Onone";
			};
			name = Debug;
		};
		6F3DAC9324BC6A9B00BF5B20 /* Release */ = {
			isa = XCBuildConfiguration;
			buildSettings = {
				ALWAYS_SEARCH_USER_PATHS = NO;
				CLANG_ANALYZER_NONNULL = YES;
				CLANG_ANALYZER_NUMBER_OBJECT_CONVERSION = YES_AGGRESSIVE;
				CLANG_CXX_LANGUAGE_STANDARD = "gnu++14";
				CLANG_CXX_LIBRARY = "libc++";
				CLANG_ENABLE_MODULES = YES;
				CLANG_ENABLE_OBJC_ARC = YES;
				CLANG_ENABLE_OBJC_WEAK = YES;
				CLANG_WARN_BLOCK_CAPTURE_AUTORELEASING = YES;
				CLANG_WARN_BOOL_CONVERSION = YES;
				CLANG_WARN_COMMA = YES;
				CLANG_WARN_CONSTANT_CONVERSION = YES;
				CLANG_WARN_DEPRECATED_OBJC_IMPLEMENTATIONS = YES;
				CLANG_WARN_DIRECT_OBJC_ISA_USAGE = YES_ERROR;
				CLANG_WARN_DOCUMENTATION_COMMENTS = YES;
				CLANG_WARN_EMPTY_BODY = YES;
				CLANG_WARN_ENUM_CONVERSION = YES;
				CLANG_WARN_INFINITE_RECURSION = YES;
				CLANG_WARN_INT_CONVERSION = YES;
				CLANG_WARN_NON_LITERAL_NULL_CONVERSION = YES;
				CLANG_WARN_OBJC_IMPLICIT_RETAIN_SELF = YES;
				CLANG_WARN_OBJC_LITERAL_CONVERSION = YES;
				CLANG_WARN_OBJC_ROOT_CLASS = YES_ERROR;
				CLANG_WARN_QUOTED_INCLUDE_IN_FRAMEWORK_HEADER = YES;
				CLANG_WARN_RANGE_LOOP_ANALYSIS = YES;
				CLANG_WARN_STRICT_PROTOTYPES = YES;
				CLANG_WARN_SUSPICIOUS_MOVE = YES;
				CLANG_WARN_UNGUARDED_AVAILABILITY = YES_AGGRESSIVE;
				CLANG_WARN_UNREACHABLE_CODE = YES;
				CLANG_WARN__DUPLICATE_METHOD_MATCH = YES;
				COPY_PHASE_STRIP = NO;
				DEBUG_INFORMATION_FORMAT = "dwarf-with-dsym";
				ENABLE_NS_ASSERTIONS = NO;
				ENABLE_STRICT_OBJC_MSGSEND = YES;
				GCC_C_LANGUAGE_STANDARD = gnu11;
				GCC_NO_COMMON_BLOCKS = YES;
				GCC_WARN_64_TO_32_BIT_CONVERSION = YES;
				GCC_WARN_ABOUT_RETURN_TYPE = YES_ERROR;
				GCC_WARN_UNDECLARED_SELECTOR = YES;
				GCC_WARN_UNINITIALIZED_AUTOS = YES_AGGRESSIVE;
				GCC_WARN_UNUSED_FUNCTION = YES;
				GCC_WARN_UNUSED_VARIABLE = YES;
				IPHONEOS_DEPLOYMENT_TARGET = 14.0;
				MTL_ENABLE_DEBUG_INFO = NO;
				MTL_FAST_MATH = YES;
				SDKROOT = iphoneos;
				SWIFT_COMPILATION_MODE = wholemodule;
				SWIFT_OPTIMIZATION_LEVEL = "-O";
				VALIDATE_PRODUCT = YES;
			};
			name = Release;
		};
		6F3DAC9524BC6A9B00BF5B20 /* Debug */ = {
			isa = XCBuildConfiguration;
			buildSettings = {
				ASSETCATALOG_COMPILER_APPICON_NAME = AppIcon;
				ASSETCATALOG_COMPILER_GLOBAL_ACCENT_COLOR_NAME = AccentColor;
				CODE_SIGN_STYLE = Automatic;
				DEVELOPMENT_ASSET_PATHS = "\"PlayLite/Preview Content\"";
				DEVELOPMENT_TEAM = C859N35D2X;
				ENABLE_PREVIEWS = YES;
				FRAMEWORK_SEARCH_PATHS = (
					"$(inherited)",
					"$(PROJECT_DIR)/Carthage/Build/iOS",
				);
				INFOPLIST_FILE = PlayLite/Info.plist;
				LD_RUNPATH_SEARCH_PATHS = (
					"$(inherited)",
					"@executable_path/Frameworks",
				);
				PRODUCT_BUNDLE_IDENTIFIER = ch.srgssr.PlayLite;
				PRODUCT_NAME = "$(TARGET_NAME)";
				SWIFT_VERSION = 5.0;
				TARGETED_DEVICE_FAMILY = "1,2";
			};
			name = Debug;
		};
		6F3DAC9624BC6A9B00BF5B20 /* Release */ = {
			isa = XCBuildConfiguration;
			buildSettings = {
				ASSETCATALOG_COMPILER_APPICON_NAME = AppIcon;
				ASSETCATALOG_COMPILER_GLOBAL_ACCENT_COLOR_NAME = AccentColor;
				CODE_SIGN_STYLE = Automatic;
				DEVELOPMENT_ASSET_PATHS = "\"PlayLite/Preview Content\"";
				DEVELOPMENT_TEAM = C859N35D2X;
				ENABLE_PREVIEWS = YES;
				FRAMEWORK_SEARCH_PATHS = (
					"$(inherited)",
					"$(PROJECT_DIR)/Carthage/Build/iOS",
				);
				INFOPLIST_FILE = PlayLite/Info.plist;
				LD_RUNPATH_SEARCH_PATHS = (
					"$(inherited)",
					"@executable_path/Frameworks",
				);
				PRODUCT_BUNDLE_IDENTIFIER = ch.srgssr.PlayLite;
				PRODUCT_NAME = "$(TARGET_NAME)";
				SWIFT_VERSION = 5.0;
				TARGETED_DEVICE_FAMILY = "1,2";
			};
			name = Release;
		};
		6F3DAC9824BC6A9B00BF5B20 /* Debug */ = {
			isa = XCBuildConfiguration;
			buildSettings = {
				ALWAYS_EMBED_SWIFT_STANDARD_LIBRARIES = YES;
				BUNDLE_LOADER = "$(TEST_HOST)";
				CODE_SIGN_STYLE = Automatic;
				INFOPLIST_FILE = PlayLiteTests/Info.plist;
				IPHONEOS_DEPLOYMENT_TARGET = 14.0;
				LD_RUNPATH_SEARCH_PATHS = (
					"$(inherited)",
					"@executable_path/Frameworks",
					"@loader_path/Frameworks",
				);
				PRODUCT_BUNDLE_IDENTIFIER = ch.srgssr.PlayLiteTests;
				PRODUCT_NAME = "$(TARGET_NAME)";
				SWIFT_VERSION = 5.0;
				TARGETED_DEVICE_FAMILY = "1,2";
				TEST_HOST = "$(BUILT_PRODUCTS_DIR)/PlayLite.app/PlayLite";
			};
			name = Debug;
		};
		6F3DAC9924BC6A9B00BF5B20 /* Release */ = {
			isa = XCBuildConfiguration;
			buildSettings = {
				ALWAYS_EMBED_SWIFT_STANDARD_LIBRARIES = YES;
				BUNDLE_LOADER = "$(TEST_HOST)";
				CODE_SIGN_STYLE = Automatic;
				INFOPLIST_FILE = PlayLiteTests/Info.plist;
				IPHONEOS_DEPLOYMENT_TARGET = 14.0;
				LD_RUNPATH_SEARCH_PATHS = (
					"$(inherited)",
					"@executable_path/Frameworks",
					"@loader_path/Frameworks",
				);
				PRODUCT_BUNDLE_IDENTIFIER = ch.srgssr.PlayLiteTests;
				PRODUCT_NAME = "$(TARGET_NAME)";
				SWIFT_VERSION = 5.0;
				TARGETED_DEVICE_FAMILY = "1,2";
				TEST_HOST = "$(BUILT_PRODUCTS_DIR)/PlayLite.app/PlayLite";
			};
			name = Release;
		};
		6F3DAC9B24BC6A9B00BF5B20 /* Debug */ = {
			isa = XCBuildConfiguration;
			buildSettings = {
				ALWAYS_EMBED_SWIFT_STANDARD_LIBRARIES = YES;
				CODE_SIGN_STYLE = Automatic;
				INFOPLIST_FILE = PlayLiteUITests/Info.plist;
				LD_RUNPATH_SEARCH_PATHS = (
					"$(inherited)",
					"@executable_path/Frameworks",
					"@loader_path/Frameworks",
				);
				PRODUCT_BUNDLE_IDENTIFIER = ch.srgssr.PlayLiteUITests;
				PRODUCT_NAME = "$(TARGET_NAME)";
				SWIFT_VERSION = 5.0;
				TARGETED_DEVICE_FAMILY = "1,2";
				TEST_TARGET_NAME = PlayLite;
			};
			name = Debug;
		};
		6F3DAC9C24BC6A9B00BF5B20 /* Release */ = {
			isa = XCBuildConfiguration;
			buildSettings = {
				ALWAYS_EMBED_SWIFT_STANDARD_LIBRARIES = YES;
				CODE_SIGN_STYLE = Automatic;
				INFOPLIST_FILE = PlayLiteUITests/Info.plist;
				LD_RUNPATH_SEARCH_PATHS = (
					"$(inherited)",
					"@executable_path/Frameworks",
					"@loader_path/Frameworks",
				);
				PRODUCT_BUNDLE_IDENTIFIER = ch.srgssr.PlayLiteUITests;
				PRODUCT_NAME = "$(TARGET_NAME)";
				SWIFT_VERSION = 5.0;
				TARGETED_DEVICE_FAMILY = "1,2";
				TEST_TARGET_NAME = PlayLite;
			};
			name = Release;
		};
/* End XCBuildConfiguration section */

/* Begin XCConfigurationList section */
		6F3DAC6524BC6A9800BF5B20 /* Build configuration list for PBXProject "PlayLite" */ = {
			isa = XCConfigurationList;
			buildConfigurations = (
				6F3DAC9224BC6A9B00BF5B20 /* Debug */,
				6F3DAC9324BC6A9B00BF5B20 /* Release */,
			);
			defaultConfigurationIsVisible = 0;
			defaultConfigurationName = Release;
		};
		6F3DAC9424BC6A9B00BF5B20 /* Build configuration list for PBXNativeTarget "PlayLite" */ = {
			isa = XCConfigurationList;
			buildConfigurations = (
				6F3DAC9524BC6A9B00BF5B20 /* Debug */,
				6F3DAC9624BC6A9B00BF5B20 /* Release */,
			);
			defaultConfigurationIsVisible = 0;
			defaultConfigurationName = Release;
		};
		6F3DAC9724BC6A9B00BF5B20 /* Build configuration list for PBXNativeTarget "PlayLiteTests" */ = {
			isa = XCConfigurationList;
			buildConfigurations = (
				6F3DAC9824BC6A9B00BF5B20 /* Debug */,
				6F3DAC9924BC6A9B00BF5B20 /* Release */,
			);
			defaultConfigurationIsVisible = 0;
			defaultConfigurationName = Release;
		};
		6F3DAC9A24BC6A9B00BF5B20 /* Build configuration list for PBXNativeTarget "PlayLiteUITests" */ = {
			isa = XCConfigurationList;
			buildConfigurations = (
				6F3DAC9B24BC6A9B00BF5B20 /* Debug */,
				6F3DAC9C24BC6A9B00BF5B20 /* Release */,
			);
			defaultConfigurationIsVisible = 0;
			defaultConfigurationName = Release;
		};
/* End XCConfigurationList section */

/* Begin XCRemoteSwiftPackageReference section */
		6F3DAD1724BDBEFA00BF5B20 /* XCRemoteSwiftPackageReference "FetchImage" */ = {
			isa = XCRemoteSwiftPackageReference;
			repositoryURL = "https://github.com/kean/FetchImage.git";
			requirement = {
				kind = upToNextMajorVersion;
				minimumVersion = 0.2.1;
			};
		};
		6F3DAD1A24BDBF0800BF5B20 /* XCRemoteSwiftPackageReference "Nuke" */ = {
			isa = XCRemoteSwiftPackageReference;
			repositoryURL = "https://github.com/kean/Nuke.git";
			requirement = {
				kind = upToNextMajorVersion;
				minimumVersion = 9.1.1;
			};
		};
/* End XCRemoteSwiftPackageReference section */

/* Begin XCSwiftPackageProductDependency section */
		6F3DAD1824BDBEFB00BF5B20 /* FetchImage */ = {
			isa = XCSwiftPackageProductDependency;
			package = 6F3DAD1724BDBEFA00BF5B20 /* XCRemoteSwiftPackageReference "FetchImage" */;
			productName = FetchImage;
		};
		6F3DAD1B24BDBF0800BF5B20 /* Nuke */ = {
			isa = XCSwiftPackageProductDependency;
			package = 6F3DAD1A24BDBF0800BF5B20 /* XCRemoteSwiftPackageReference "Nuke" */;
			productName = Nuke;
		};
/* End XCSwiftPackageProductDependency section */
	};
	rootObject = 6F3DAC6224BC6A9800BF5B20 /* Project object */;
}
